// !$*UTF8*$!
{
	archiveVersion = 1;
	classes = {
	};
	objectVersion = 56;
	objects = {

/* Begin PBXBuildFile section */
		038E1BF791AE869E7AEC4158 /* Pods_MySwiftToys_MySwiftToysUITests.framework in Frameworks */ = {isa = PBXBuildFile; fileRef = 8E5886423BB27B8523E2EDCA /* Pods_MySwiftToys_MySwiftToysUITests.framework */; };
		1E699AB1AFE2DF9D19927ABC /* Pods_MySwiftToysTests.framework in Frameworks */ = {isa = PBXBuildFile; fileRef = 13D6196789FC800F0127AFF1 /* Pods_MySwiftToysTests.framework */; };
		9D276E421A40B85951C91CD3 /* Pods_MySwiftToys.framework in Frameworks */ = {isa = PBXBuildFile; fileRef = 86C87869B8975EFFE1AD1BA0 /* Pods_MySwiftToys.framework */; };
		A2706B142935D48600D8007B /* AppDelegate.swift in Sources */ = {isa = PBXBuildFile; fileRef = A2706B132935D48600D8007B /* AppDelegate.swift */; };
		A2706B1B2935D48600D8007B /* Main.storyboard in Resources */ = {isa = PBXBuildFile; fileRef = A2706B192935D48600D8007B /* Main.storyboard */; };
		A2706B1D2935D48B00D8007B /* Assets.xcassets in Resources */ = {isa = PBXBuildFile; fileRef = A2706B1C2935D48B00D8007B /* Assets.xcassets */; };
		A2706B202935D48B00D8007B /* LaunchScreen.storyboard in Resources */ = {isa = PBXBuildFile; fileRef = A2706B1E2935D48B00D8007B /* LaunchScreen.storyboard */; };
		A2706B2B2935D48C00D8007B /* MySwiftToysTests.swift in Sources */ = {isa = PBXBuildFile; fileRef = A2706B2A2935D48C00D8007B /* MySwiftToysTests.swift */; };
		A2706B352935D48C00D8007B /* MySwiftToysUITests.swift in Sources */ = {isa = PBXBuildFile; fileRef = A2706B342935D48C00D8007B /* MySwiftToysUITests.swift */; };
		A2706B372935D48C00D8007B /* MySwiftToysUITestsLaunchTests.swift in Sources */ = {isa = PBXBuildFile; fileRef = A2706B362935D48C00D8007B /* MySwiftToysUITestsLaunchTests.swift */; };
		A2AF878B293851C8008A34B6 /* ReactNativeVC.swift in Sources */ = {isa = PBXBuildFile; fileRef = A2AF878A293851C8008A34B6 /* ReactNativeVC.swift */; };
		A2BEF7E0293843B7007FEAB6 /* WebViewTestVC.swift in Sources */ = {isa = PBXBuildFile; fileRef = A2BEF7DF293843B7007FEAB6 /* WebViewTestVC.swift */; };
		A2BEF7E2293846A3007FEAB6 /* FunctionListVC.swift in Sources */ = {isa = PBXBuildFile; fileRef = A2BEF7E1293846A3007FEAB6 /* FunctionListVC.swift */; };
/* End PBXBuildFile section */

/* Begin PBXContainerItemProxy section */
		A2706B272935D48C00D8007B /* PBXContainerItemProxy */ = {
			isa = PBXContainerItemProxy;
			containerPortal = A2706B082935D48600D8007B /* Project object */;
			proxyType = 1;
			remoteGlobalIDString = A2706B0F2935D48600D8007B;
			remoteInfo = MySwiftToys;
		};
		A2706B312935D48C00D8007B /* PBXContainerItemProxy */ = {
			isa = PBXContainerItemProxy;
			containerPortal = A2706B082935D48600D8007B /* Project object */;
			proxyType = 1;
			remoteGlobalIDString = A2706B0F2935D48600D8007B;
			remoteInfo = MySwiftToys;
		};
/* End PBXContainerItemProxy section */

/* Begin PBXFileReference section */
		0FEF2542544C26CCD905AB43 /* Pods-MySwiftToys.release.xcconfig */ = {isa = PBXFileReference; includeInIndex = 1; lastKnownFileType = text.xcconfig; name = "Pods-MySwiftToys.release.xcconfig"; path = "Target Support Files/Pods-MySwiftToys/Pods-MySwiftToys.release.xcconfig"; sourceTree = "<group>"; };
		13D6196789FC800F0127AFF1 /* Pods_MySwiftToysTests.framework */ = {isa = PBXFileReference; explicitFileType = wrapper.framework; includeInIndex = 0; path = Pods_MySwiftToysTests.framework; sourceTree = BUILT_PRODUCTS_DIR; };
		86C87869B8975EFFE1AD1BA0 /* Pods_MySwiftToys.framework */ = {isa = PBXFileReference; explicitFileType = wrapper.framework; includeInIndex = 0; path = Pods_MySwiftToys.framework; sourceTree = BUILT_PRODUCTS_DIR; };
		8E5886423BB27B8523E2EDCA /* Pods_MySwiftToys_MySwiftToysUITests.framework */ = {isa = PBXFileReference; explicitFileType = wrapper.framework; includeInIndex = 0; path = Pods_MySwiftToys_MySwiftToysUITests.framework; sourceTree = BUILT_PRODUCTS_DIR; };
		93BE7078410514EDEBE9642E /* Pods-MySwiftToys-MySwiftToysUITests.debug.xcconfig */ = {isa = PBXFileReference; includeInIndex = 1; lastKnownFileType = text.xcconfig; name = "Pods-MySwiftToys-MySwiftToysUITests.debug.xcconfig"; path = "Target Support Files/Pods-MySwiftToys-MySwiftToysUITests/Pods-MySwiftToys-MySwiftToysUITests.debug.xcconfig"; sourceTree = "<group>"; };
		A2706B102935D48600D8007B /* MySwiftToys.app */ = {isa = PBXFileReference; explicitFileType = wrapper.application; includeInIndex = 0; path = MySwiftToys.app; sourceTree = BUILT_PRODUCTS_DIR; };
		A2706B132935D48600D8007B /* AppDelegate.swift */ = {isa = PBXFileReference; lastKnownFileType = sourcecode.swift; path = AppDelegate.swift; sourceTree = "<group>"; };
		A2706B1A2935D48600D8007B /* Base */ = {isa = PBXFileReference; lastKnownFileType = file.storyboard; name = Base; path = Base.lproj/Main.storyboard; sourceTree = "<group>"; };
		A2706B1C2935D48B00D8007B /* Assets.xcassets */ = {isa = PBXFileReference; lastKnownFileType = folder.assetcatalog; path = Assets.xcassets; sourceTree = "<group>"; };
		A2706B1F2935D48B00D8007B /* Base */ = {isa = PBXFileReference; lastKnownFileType = file.storyboard; name = Base; path = Base.lproj/LaunchScreen.storyboard; sourceTree = "<group>"; };
		A2706B212935D48B00D8007B /* Info.plist */ = {isa = PBXFileReference; lastKnownFileType = text.plist.xml; path = Info.plist; sourceTree = "<group>"; };
		A2706B262935D48C00D8007B /* MySwiftToysTests.xctest */ = {isa = PBXFileReference; explicitFileType = wrapper.cfbundle; includeInIndex = 0; path = MySwiftToysTests.xctest; sourceTree = BUILT_PRODUCTS_DIR; };
		A2706B2A2935D48C00D8007B /* MySwiftToysTests.swift */ = {isa = PBXFileReference; lastKnownFileType = sourcecode.swift; path = MySwiftToysTests.swift; sourceTree = "<group>"; };
		A2706B302935D48C00D8007B /* MySwiftToysUITests.xctest */ = {isa = PBXFileReference; explicitFileType = wrapper.cfbundle; includeInIndex = 0; path = MySwiftToysUITests.xctest; sourceTree = BUILT_PRODUCTS_DIR; };
		A2706B342935D48C00D8007B /* MySwiftToysUITests.swift */ = {isa = PBXFileReference; lastKnownFileType = sourcecode.swift; path = MySwiftToysUITests.swift; sourceTree = "<group>"; };
		A2706B362935D48C00D8007B /* MySwiftToysUITestsLaunchTests.swift */ = {isa = PBXFileReference; lastKnownFileType = sourcecode.swift; path = MySwiftToysUITestsLaunchTests.swift; sourceTree = "<group>"; };
		A2AF878A293851C8008A34B6 /* ReactNativeVC.swift */ = {isa = PBXFileReference; lastKnownFileType = sourcecode.swift; path = ReactNativeVC.swift; sourceTree = "<group>"; };
		A2BEF7DF293843B7007FEAB6 /* WebViewTestVC.swift */ = {isa = PBXFileReference; lastKnownFileType = sourcecode.swift; path = WebViewTestVC.swift; sourceTree = "<group>"; };
		A2BEF7E1293846A3007FEAB6 /* FunctionListVC.swift */ = {isa = PBXFileReference; lastKnownFileType = sourcecode.swift; path = FunctionListVC.swift; sourceTree = "<group>"; };
		C37F51CC689D4A5621120AE7 /* Pods-MySwiftToys-MySwiftToysUITests.release.xcconfig */ = {isa = PBXFileReference; includeInIndex = 1; lastKnownFileType = text.xcconfig; name = "Pods-MySwiftToys-MySwiftToysUITests.release.xcconfig"; path = "Target Support Files/Pods-MySwiftToys-MySwiftToysUITests/Pods-MySwiftToys-MySwiftToysUITests.release.xcconfig"; sourceTree = "<group>"; };
		DBB7565492F6CEEB3A598E8C /* Pods-MySwiftToysTests.debug.xcconfig */ = {isa = PBXFileReference; includeInIndex = 1; lastKnownFileType = text.xcconfig; name = "Pods-MySwiftToysTests.debug.xcconfig"; path = "Target Support Files/Pods-MySwiftToysTests/Pods-MySwiftToysTests.debug.xcconfig"; sourceTree = "<group>"; };
		E068323CF06C7293A23CE84C /* Pods-MySwiftToys.debug.xcconfig */ = {isa = PBXFileReference; includeInIndex = 1; lastKnownFileType = text.xcconfig; name = "Pods-MySwiftToys.debug.xcconfig"; path = "Target Support Files/Pods-MySwiftToys/Pods-MySwiftToys.debug.xcconfig"; sourceTree = "<group>"; };
		E34BF3EA89C01EDDE6D6CC56 /* Pods-MySwiftToysTests.release.xcconfig */ = {isa = PBXFileReference; includeInIndex = 1; lastKnownFileType = text.xcconfig; name = "Pods-MySwiftToysTests.release.xcconfig"; path = "Target Support Files/Pods-MySwiftToysTests/Pods-MySwiftToysTests.release.xcconfig"; sourceTree = "<group>"; };
/* End PBXFileReference section */

/* Begin PBXFrameworksBuildPhase section */
		A2706B0D2935D48600D8007B /* Frameworks */ = {
			isa = PBXFrameworksBuildPhase;
			buildActionMask = 2147483647;
			files = (
				9D276E421A40B85951C91CD3 /* Pods_MySwiftToys.framework in Frameworks */,
			);
			runOnlyForDeploymentPostprocessing = 0;
		};
		A2706B232935D48C00D8007B /* Frameworks */ = {
			isa = PBXFrameworksBuildPhase;
			buildActionMask = 2147483647;
			files = (
				1E699AB1AFE2DF9D19927ABC /* Pods_MySwiftToysTests.framework in Frameworks */,
			);
			runOnlyForDeploymentPostprocessing = 0;
		};
		A2706B2D2935D48C00D8007B /* Frameworks */ = {
			isa = PBXFrameworksBuildPhase;
			buildActionMask = 2147483647;
			files = (
				038E1BF791AE869E7AEC4158 /* Pods_MySwiftToys_MySwiftToysUITests.framework in Frameworks */,
			);
			runOnlyForDeploymentPostprocessing = 0;
		};
/* End PBXFrameworksBuildPhase section */

/* Begin PBXGroup section */
		44AD50807778381DFE12FCAB /* Frameworks */ = {
			isa = PBXGroup;
			children = (
				86C87869B8975EFFE1AD1BA0 /* Pods_MySwiftToys.framework */,
				8E5886423BB27B8523E2EDCA /* Pods_MySwiftToys_MySwiftToysUITests.framework */,
				13D6196789FC800F0127AFF1 /* Pods_MySwiftToysTests.framework */,
			);
			name = Frameworks;
			sourceTree = "<group>";
		};
		A2706B072935D48600D8007B = {
			isa = PBXGroup;
			children = (
				A2706B122935D48600D8007B /* MySwiftToys */,
				A2706B292935D48C00D8007B /* MySwiftToysTests */,
				A2706B332935D48C00D8007B /* MySwiftToysUITests */,
				A2706B112935D48600D8007B /* Products */,
				AF8086630611E8A534E9933A /* Pods */,
				44AD50807778381DFE12FCAB /* Frameworks */,
			);
			sourceTree = "<group>";
		};
		A2706B112935D48600D8007B /* Products */ = {
			isa = PBXGroup;
			children = (
				A2706B102935D48600D8007B /* MySwiftToys.app */,
				A2706B262935D48C00D8007B /* MySwiftToysTests.xctest */,
				A2706B302935D48C00D8007B /* MySwiftToysUITests.xctest */,
			);
			name = Products;
			sourceTree = "<group>";
		};
		A2706B122935D48600D8007B /* MySwiftToys */ = {
			isa = PBXGroup;
			children = (
				A2706B132935D48600D8007B /* AppDelegate.swift */,
				A2BEF7E1293846A3007FEAB6 /* FunctionListVC.swift */,
				A2BEF7DF293843B7007FEAB6 /* WebViewTestVC.swift */,
				A2AF878A293851C8008A34B6 /* ReactNativeVC.swift */,
				A2706B192935D48600D8007B /* Main.storyboard */,
				A2706B1C2935D48B00D8007B /* Assets.xcassets */,
				A2706B1E2935D48B00D8007B /* LaunchScreen.storyboard */,
				A2706B212935D48B00D8007B /* Info.plist */,
			);
			path = MySwiftToys;
			sourceTree = "<group>";
		};
		A2706B292935D48C00D8007B /* MySwiftToysTests */ = {
			isa = PBXGroup;
			children = (
				A2706B2A2935D48C00D8007B /* MySwiftToysTests.swift */,
			);
			path = MySwiftToysTests;
			sourceTree = "<group>";
		};
		A2706B332935D48C00D8007B /* MySwiftToysUITests */ = {
			isa = PBXGroup;
			children = (
				A2706B342935D48C00D8007B /* MySwiftToysUITests.swift */,
				A2706B362935D48C00D8007B /* MySwiftToysUITestsLaunchTests.swift */,
			);
			path = MySwiftToysUITests;
			sourceTree = "<group>";
		};
		AF8086630611E8A534E9933A /* Pods */ = {
			isa = PBXGroup;
			children = (
				E068323CF06C7293A23CE84C /* Pods-MySwiftToys.debug.xcconfig */,
				0FEF2542544C26CCD905AB43 /* Pods-MySwiftToys.release.xcconfig */,
				93BE7078410514EDEBE9642E /* Pods-MySwiftToys-MySwiftToysUITests.debug.xcconfig */,
				C37F51CC689D4A5621120AE7 /* Pods-MySwiftToys-MySwiftToysUITests.release.xcconfig */,
				DBB7565492F6CEEB3A598E8C /* Pods-MySwiftToysTests.debug.xcconfig */,
				E34BF3EA89C01EDDE6D6CC56 /* Pods-MySwiftToysTests.release.xcconfig */,
			);
			path = Pods;
			sourceTree = "<group>";
		};
/* End PBXGroup section */

/* Begin PBXNativeTarget section */
		A2706B0F2935D48600D8007B /* MySwiftToys */ = {
			isa = PBXNativeTarget;
			buildConfigurationList = A2706B3A2935D48C00D8007B /* Build configuration list for PBXNativeTarget "MySwiftToys" */;
			buildPhases = (
				BBF0B6DB29740402E814531D /* [CP] Check Pods Manifest.lock */,
				A2706B0C2935D48600D8007B /* Sources */,
				A2706B0D2935D48600D8007B /* Frameworks */,
				A2706B0E2935D48600D8007B /* Resources */,
			);
			buildRules = (
			);
			dependencies = (
			);
			name = MySwiftToys;
			productName = MySwiftToys;
			productReference = A2706B102935D48600D8007B /* MySwiftToys.app */;
			productType = "com.apple.product-type.application";
		};
		A2706B252935D48C00D8007B /* MySwiftToysTests */ = {
			isa = PBXNativeTarget;
			buildConfigurationList = A2706B3D2935D48C00D8007B /* Build configuration list for PBXNativeTarget "MySwiftToysTests" */;
			buildPhases = (
				82E0FEBC2653C683E67A1AEB /* [CP] Check Pods Manifest.lock */,
				A2706B222935D48C00D8007B /* Sources */,
				A2706B232935D48C00D8007B /* Frameworks */,
				A2706B242935D48C00D8007B /* Resources */,
			);
			buildRules = (
			);
			dependencies = (
				A2706B282935D48C00D8007B /* PBXTargetDependency */,
			);
			name = MySwiftToysTests;
			productName = MySwiftToysTests;
			productReference = A2706B262935D48C00D8007B /* MySwiftToysTests.xctest */;
			productType = "com.apple.product-type.bundle.unit-test";
		};
		A2706B2F2935D48C00D8007B /* MySwiftToysUITests */ = {
			isa = PBXNativeTarget;
			buildConfigurationList = A2706B402935D48C00D8007B /* Build configuration list for PBXNativeTarget "MySwiftToysUITests" */;
			buildPhases = (
				7D5469251E24ADD3488984B0 /* [CP] Check Pods Manifest.lock */,
				A2706B2C2935D48C00D8007B /* Sources */,
				A2706B2D2935D48C00D8007B /* Frameworks */,
				A2706B2E2935D48C00D8007B /* Resources */,
			);
			buildRules = (
			);
			dependencies = (
				A2706B322935D48C00D8007B /* PBXTargetDependency */,
			);
			name = MySwiftToysUITests;
			productName = MySwiftToysUITests;
			productReference = A2706B302935D48C00D8007B /* MySwiftToysUITests.xctest */;
			productType = "com.apple.product-type.bundle.ui-testing";
		};
/* End PBXNativeTarget section */

/* Begin PBXProject section */
		A2706B082935D48600D8007B /* Project object */ = {
			isa = PBXProject;
			attributes = {
				BuildIndependentTargetsInParallel = 1;
				LastSwiftUpdateCheck = 1410;
				LastUpgradeCheck = 1410;
				TargetAttributes = {
					A2706B0F2935D48600D8007B = {
						CreatedOnToolsVersion = 14.1;
					};
					A2706B252935D48C00D8007B = {
						CreatedOnToolsVersion = 14.1;
						TestTargetID = A2706B0F2935D48600D8007B;
					};
					A2706B2F2935D48C00D8007B = {
						CreatedOnToolsVersion = 14.1;
						TestTargetID = A2706B0F2935D48600D8007B;
					};
				};
			};
			buildConfigurationList = A2706B0B2935D48600D8007B /* Build configuration list for PBXProject "MySwiftToys" */;
			compatibilityVersion = "Xcode 14.0";
			developmentRegion = en;
			hasScannedForEncodings = 0;
			knownRegions = (
				en,
				Base,
			);
			mainGroup = A2706B072935D48600D8007B;
			productRefGroup = A2706B112935D48600D8007B /* Products */;
			projectDirPath = "";
			projectRoot = "";
			targets = (
				A2706B0F2935D48600D8007B /* MySwiftToys */,
				A2706B252935D48C00D8007B /* MySwiftToysTests */,
				A2706B2F2935D48C00D8007B /* MySwiftToysUITests */,
			);
		};
/* End PBXProject section */

/* Begin PBXResourcesBuildPhase section */
		A2706B0E2935D48600D8007B /* Resources */ = {
			isa = PBXResourcesBuildPhase;
			buildActionMask = 2147483647;
			files = (
				A2706B202935D48B00D8007B /* LaunchScreen.storyboard in Resources */,
				A2706B1D2935D48B00D8007B /* Assets.xcassets in Resources */,
				A2706B1B2935D48600D8007B /* Main.storyboard in Resources */,
			);
			runOnlyForDeploymentPostprocessing = 0;
		};
		A2706B242935D48C00D8007B /* Resources */ = {
			isa = PBXResourcesBuildPhase;
			buildActionMask = 2147483647;
			files = (
			);
			runOnlyForDeploymentPostprocessing = 0;
		};
		A2706B2E2935D48C00D8007B /* Resources */ = {
			isa = PBXResourcesBuildPhase;
			buildActionMask = 2147483647;
			files = (
			);
			runOnlyForDeploymentPostprocessing = 0;
		};
/* End PBXResourcesBuildPhase section */

/* Begin PBXShellScriptBuildPhase section */
		7D5469251E24ADD3488984B0 /* [CP] Check Pods Manifest.lock */ = {
			isa = PBXShellScriptBuildPhase;
			buildActionMask = 2147483647;
			files = (
			);
			inputFileListPaths = (
			);
			inputPaths = (
				"${PODS_PODFILE_DIR_PATH}/Podfile.lock",
				"${PODS_ROOT}/Manifest.lock",
			);
			name = "[CP] Check Pods Manifest.lock";
			outputFileListPaths = (
			);
			outputPaths = (
				"$(DERIVED_FILE_DIR)/Pods-MySwiftToys-MySwiftToysUITests-checkManifestLockResult.txt",
			);
			runOnlyForDeploymentPostprocessing = 0;
			shellPath = /bin/sh;
			shellScript = "diff \"${PODS_PODFILE_DIR_PATH}/Podfile.lock\" \"${PODS_ROOT}/Manifest.lock\" > /dev/null\nif [ $? != 0 ] ; then\n    # print error to STDERR\n    echo \"error: The sandbox is not in sync with the Podfile.lock. Run 'pod install' or update your CocoaPods installation.\" >&2\n    exit 1\nfi\n# This output is used by Xcode 'outputs' to avoid re-running this script phase.\necho \"SUCCESS\" > \"${SCRIPT_OUTPUT_FILE_0}\"\n";
			showEnvVarsInLog = 0;
		};
		82E0FEBC2653C683E67A1AEB /* [CP] Check Pods Manifest.lock */ = {
			isa = PBXShellScriptBuildPhase;
			buildActionMask = 2147483647;
			files = (
			);
			inputFileListPaths = (
			);
			inputPaths = (
				"${PODS_PODFILE_DIR_PATH}/Podfile.lock",
				"${PODS_ROOT}/Manifest.lock",
			);
			name = "[CP] Check Pods Manifest.lock";
			outputFileListPaths = (
			);
			outputPaths = (
				"$(DERIVED_FILE_DIR)/Pods-MySwiftToysTests-checkManifestLockResult.txt",
			);
			runOnlyForDeploymentPostprocessing = 0;
			shellPath = /bin/sh;
			shellScript = "diff \"${PODS_PODFILE_DIR_PATH}/Podfile.lock\" \"${PODS_ROOT}/Manifest.lock\" > /dev/null\nif [ $? != 0 ] ; then\n    # print error to STDERR\n    echo \"error: The sandbox is not in sync with the Podfile.lock. Run 'pod install' or update your CocoaPods installation.\" >&2\n    exit 1\nfi\n# This output is used by Xcode 'outputs' to avoid re-running this script phase.\necho \"SUCCESS\" > \"${SCRIPT_OUTPUT_FILE_0}\"\n";
			showEnvVarsInLog = 0;
		};
		BBF0B6DB29740402E814531D /* [CP] Check Pods Manifest.lock */ = {
			isa = PBXShellScriptBuildPhase;
			buildActionMask = 2147483647;
			files = (
			);
			inputFileListPaths = (
			);
			inputPaths = (
				"${PODS_PODFILE_DIR_PATH}/Podfile.lock",
				"${PODS_ROOT}/Manifest.lock",
			);
			name = "[CP] Check Pods Manifest.lock";
			outputFileListPaths = (
			);
			outputPaths = (
				"$(DERIVED_FILE_DIR)/Pods-MySwiftToys-checkManifestLockResult.txt",
			);
			runOnlyForDeploymentPostprocessing = 0;
			shellPath = /bin/sh;
			shellScript = "diff \"${PODS_PODFILE_DIR_PATH}/Podfile.lock\" \"${PODS_ROOT}/Manifest.lock\" > /dev/null\nif [ $? != 0 ] ; then\n    # print error to STDERR\n    echo \"error: The sandbox is not in sync with the Podfile.lock. Run 'pod install' or update your CocoaPods installation.\" >&2\n    exit 1\nfi\n# This output is used by Xcode 'outputs' to avoid re-running this script phase.\necho \"SUCCESS\" > \"${SCRIPT_OUTPUT_FILE_0}\"\n";
			showEnvVarsInLog = 0;
		};
/* End PBXShellScriptBuildPhase section */

/* Begin PBXSourcesBuildPhase section */
		A2706B0C2935D48600D8007B /* Sources */ = {
			isa = PBXSourcesBuildPhase;
			buildActionMask = 2147483647;
			files = (
				A2BEF7E0293843B7007FEAB6 /* WebViewTestVC.swift in Sources */,
				A2AF878B293851C8008A34B6 /* ReactNativeVC.swift in Sources */,
				A2BEF7E2293846A3007FEAB6 /* FunctionListVC.swift in Sources */,
				A2706B142935D48600D8007B /* AppDelegate.swift in Sources */,
			);
			runOnlyForDeploymentPostprocessing = 0;
		};
		A2706B222935D48C00D8007B /* Sources */ = {
			isa = PBXSourcesBuildPhase;
			buildActionMask = 2147483647;
			files = (
				A2706B2B2935D48C00D8007B /* MySwiftToysTests.swift in Sources */,
			);
			runOnlyForDeploymentPostprocessing = 0;
		};
		A2706B2C2935D48C00D8007B /* Sources */ = {
			isa = PBXSourcesBuildPhase;
			buildActionMask = 2147483647;
			files = (
				A2706B352935D48C00D8007B /* MySwiftToysUITests.swift in Sources */,
				A2706B372935D48C00D8007B /* MySwiftToysUITestsLaunchTests.swift in Sources */,
			);
			runOnlyForDeploymentPostprocessing = 0;
		};
/* End PBXSourcesBuildPhase section */

/* Begin PBXTargetDependency section */
		A2706B282935D48C00D8007B /* PBXTargetDependency */ = {
			isa = PBXTargetDependency;
			target = A2706B0F2935D48600D8007B /* MySwiftToys */;
			targetProxy = A2706B272935D48C00D8007B /* PBXContainerItemProxy */;
		};
		A2706B322935D48C00D8007B /* PBXTargetDependency */ = {
			isa = PBXTargetDependency;
			target = A2706B0F2935D48600D8007B /* MySwiftToys */;
			targetProxy = A2706B312935D48C00D8007B /* PBXContainerItemProxy */;
		};
/* End PBXTargetDependency section */

/* Begin PBXVariantGroup section */
		A2706B192935D48600D8007B /* Main.storyboard */ = {
			isa = PBXVariantGroup;
			children = (
				A2706B1A2935D48600D8007B /* Base */,
			);
			name = Main.storyboard;
			sourceTree = "<group>";
		};
		A2706B1E2935D48B00D8007B /* LaunchScreen.storyboard */ = {
			isa = PBXVariantGroup;
			children = (
				A2706B1F2935D48B00D8007B /* Base */,
			);
			name = LaunchScreen.storyboard;
			sourceTree = "<group>";
		};
/* End PBXVariantGroup section */

/* Begin XCBuildConfiguration section */
		A2706B382935D48C00D8007B /* Debug */ = {
			isa = XCBuildConfiguration;
			buildSettings = {
				ALWAYS_SEARCH_USER_PATHS = NO;
				CLANG_ANALYZER_NONNULL = YES;
				CLANG_ANALYZER_NUMBER_OBJECT_CONVERSION = YES_AGGRESSIVE;
				CLANG_CXX_LANGUAGE_STANDARD = "gnu++20";
				CLANG_ENABLE_MODULES = YES;
				CLANG_ENABLE_OBJC_ARC = YES;
				CLANG_ENABLE_OBJC_WEAK = YES;
				CLANG_WARN_BLOCK_CAPTURE_AUTORELEASING = YES;
				CLANG_WARN_BOOL_CONVERSION = YES;
				CLANG_WARN_COMMA = YES;
				CLANG_WARN_CONSTANT_CONVERSION = YES;
				CLANG_WARN_DEPRECATED_OBJC_IMPLEMENTATIONS = YES;
				CLANG_WARN_DIRECT_OBJC_ISA_USAGE = YES_ERROR;
				CLANG_WARN_DOCUMENTATION_COMMENTS = YES;
				CLANG_WARN_EMPTY_BODY = YES;
				CLANG_WARN_ENUM_CONVERSION = YES;
				CLANG_WARN_INFINITE_RECURSION = YES;
				CLANG_WARN_INT_CONVERSION = YES;
				CLANG_WARN_NON_LITERAL_NULL_CONVERSION = YES;
				CLANG_WARN_OBJC_IMPLICIT_RETAIN_SELF = YES;
				CLANG_WARN_OBJC_LITERAL_CONVERSION = YES;
				CLANG_WARN_OBJC_ROOT_CLASS = YES_ERROR;
				CLANG_WARN_QUOTED_INCLUDE_IN_FRAMEWORK_HEADER = YES;
				CLANG_WARN_RANGE_LOOP_ANALYSIS = YES;
				CLANG_WARN_STRICT_PROTOTYPES = YES;
				CLANG_WARN_SUSPICIOUS_MOVE = YES;
				CLANG_WARN_UNGUARDED_AVAILABILITY = YES_AGGRESSIVE;
				CLANG_WARN_UNREACHABLE_CODE = YES;
				CLANG_WARN__DUPLICATE_METHOD_MATCH = YES;
				COPY_PHASE_STRIP = NO;
				DEBUG_INFORMATION_FORMAT = dwarf;
				ENABLE_STRICT_OBJC_MSGSEND = YES;
				ENABLE_TESTABILITY = YES;
				GCC_C_LANGUAGE_STANDARD = gnu11;
				GCC_DYNAMIC_NO_PIC = NO;
				GCC_NO_COMMON_BLOCKS = YES;
				GCC_OPTIMIZATION_LEVEL = 0;
				GCC_PREPROCESSOR_DEFINITIONS = (
					"DEBUG=1",
					"$(inherited)",
				);
				GCC_WARN_64_TO_32_BIT_CONVERSION = YES;
				GCC_WARN_ABOUT_RETURN_TYPE = YES_ERROR;
				GCC_WARN_UNDECLARED_SELECTOR = YES;
				GCC_WARN_UNINITIALIZED_AUTOS = YES_AGGRESSIVE;
				GCC_WARN_UNUSED_FUNCTION = YES;
				GCC_WARN_UNUSED_VARIABLE = YES;
				IPHONEOS_DEPLOYMENT_TARGET = 11.0;
				MTL_ENABLE_DEBUG_INFO = INCLUDE_SOURCE;
				MTL_FAST_MATH = YES;
				ONLY_ACTIVE_ARCH = YES;
				SDKROOT = iphoneos;
				SWIFT_ACTIVE_COMPILATION_CONDITIONS = DEBUG;
				SWIFT_OPTIMIZATION_LEVEL = "-Onone";
			};
			name = Debug;
		};
		A2706B392935D48C00D8007B /* Release */ = {
			isa = XCBuildConfiguration;
			buildSettings = {
				ALWAYS_SEARCH_USER_PATHS = NO;
				CLANG_ANALYZER_NONNULL = YES;
				CLANG_ANALYZER_NUMBER_OBJECT_CONVERSION = YES_AGGRESSIVE;
				CLANG_CXX_LANGUAGE_STANDARD = "gnu++20";
				CLANG_ENABLE_MODULES = YES;
				CLANG_ENABLE_OBJC_ARC = YES;
				CLANG_ENABLE_OBJC_WEAK = YES;
				CLANG_WARN_BLOCK_CAPTURE_AUTORELEASING = YES;
				CLANG_WARN_BOOL_CONVERSION = YES;
				CLANG_WARN_COMMA = YES;
				CLANG_WARN_CONSTANT_CONVERSION = YES;
				CLANG_WARN_DEPRECATED_OBJC_IMPLEMENTATIONS = YES;
				CLANG_WARN_DIRECT_OBJC_ISA_USAGE = YES_ERROR;
				CLANG_WARN_DOCUMENTATION_COMMENTS = YES;
				CLANG_WARN_EMPTY_BODY = YES;
				CLANG_WARN_ENUM_CONVERSION = YES;
				CLANG_WARN_INFINITE_RECURSION = YES;
				CLANG_WARN_INT_CONVERSION = YES;
				CLANG_WARN_NON_LITERAL_NULL_CONVERSION = YES;
				CLANG_WARN_OBJC_IMPLICIT_RETAIN_SELF = YES;
				CLANG_WARN_OBJC_LITERAL_CONVERSION = YES;
				CLANG_WARN_OBJC_ROOT_CLASS = YES_ERROR;
				CLANG_WARN_QUOTED_INCLUDE_IN_FRAMEWORK_HEADER = YES;
				CLANG_WARN_RANGE_LOOP_ANALYSIS = YES;
				CLANG_WARN_STRICT_PROTOTYPES = YES;
				CLANG_WARN_SUSPICIOUS_MOVE = YES;
				CLANG_WARN_UNGUARDED_AVAILABILITY = YES_AGGRESSIVE;
				CLANG_WARN_UNREACHABLE_CODE = YES;
				CLANG_WARN__DUPLICATE_METHOD_MATCH = YES;
				COPY_PHASE_STRIP = NO;
				DEBUG_INFORMATION_FORMAT = "dwarf-with-dsym";
				ENABLE_NS_ASSERTIONS = NO;
				ENABLE_STRICT_OBJC_MSGSEND = YES;
				GCC_C_LANGUAGE_STANDARD = gnu11;
				GCC_NO_COMMON_BLOCKS = YES;
				GCC_WARN_64_TO_32_BIT_CONVERSION = YES;
				GCC_WARN_ABOUT_RETURN_TYPE = YES_ERROR;
				GCC_WARN_UNDECLARED_SELECTOR = YES;
				GCC_WARN_UNINITIALIZED_AUTOS = YES_AGGRESSIVE;
				GCC_WARN_UNUSED_FUNCTION = YES;
				GCC_WARN_UNUSED_VARIABLE = YES;
				IPHONEOS_DEPLOYMENT_TARGET = 11.0;
				MTL_ENABLE_DEBUG_INFO = NO;
				MTL_FAST_MATH = YES;
				SDKROOT = iphoneos;
				SWIFT_COMPILATION_MODE = wholemodule;
				SWIFT_OPTIMIZATION_LEVEL = "-O";
				VALIDATE_PRODUCT = YES;
			};
			name = Release;
		};
		A2706B3B2935D48C00D8007B /* Debug */ = {
			isa = XCBuildConfiguration;
			baseConfigurationReference = E068323CF06C7293A23CE84C /* Pods-MySwiftToys.debug.xcconfig */;
			buildSettings = {
				ASSETCATALOG_COMPILER_APPICON_NAME = AppIcon;
				ASSETCATALOG_COMPILER_GLOBAL_ACCENT_COLOR_NAME = AccentColor;
				CODE_SIGN_STYLE = Automatic;
				CURRENT_PROJECT_VERSION = 1;
				DEVELOPMENT_TEAM = 7UA78HHHB8;
				GENERATE_INFOPLIST_FILE = YES;
				INFOPLIST_FILE = MySwiftToys/Info.plist;
				INFOPLIST_KEY_UIApplicationSupportsIndirectInputEvents = YES;
				INFOPLIST_KEY_UILaunchStoryboardName = LaunchScreen;
				INFOPLIST_KEY_UIMainStoryboardFile = Main;
				INFOPLIST_KEY_UISupportedInterfaceOrientations_iPad = "UIInterfaceOrientationPortrait UIInterfaceOrientationPortraitUpsideDown UIInterfaceOrientationLandscapeLeft UIInterfaceOrientationLandscapeRight";
				INFOPLIST_KEY_UISupportedInterfaceOrientations_iPhone = "UIInterfaceOrientationPortrait UIInterfaceOrientationLandscapeLeft UIInterfaceOrientationLandscapeRight";
				LD_RUNPATH_SEARCH_PATHS = (
					"$(inherited)",
					"@executable_path/Frameworks",
				);
				MARKETING_VERSION = 1.0;
				PRODUCT_BUNDLE_IDENTIFIER = com.happylong.MySwiftToys;
				PRODUCT_NAME = "$(TARGET_NAME)";
				SWIFT_EMIT_LOC_STRINGS = YES;
				SWIFT_VERSION = 5.0;
				TARGETED_DEVICE_FAMILY = "1,2";
			};
			name = Debug;
		};
		A2706B3C2935D48C00D8007B /* Release */ = {
			isa = XCBuildConfiguration;
			baseConfigurationReference = 0FEF2542544C26CCD905AB43 /* Pods-MySwiftToys.release.xcconfig */;
			buildSettings = {
				ASSETCATALOG_COMPILER_APPICON_NAME = AppIcon;
				ASSETCATALOG_COMPILER_GLOBAL_ACCENT_COLOR_NAME = AccentColor;
				CODE_SIGN_STYLE = Automatic;
				CURRENT_PROJECT_VERSION = 1;
				DEVELOPMENT_TEAM = 7UA78HHHB8;
				GENERATE_INFOPLIST_FILE = YES;
				INFOPLIST_FILE = MySwiftToys/Info.plist;
				INFOPLIST_KEY_UIApplicationSupportsIndirectInputEvents = YES;
				INFOPLIST_KEY_UILaunchStoryboardName = LaunchScreen;
				INFOPLIST_KEY_UIMainStoryboardFile = Main;
				INFOPLIST_KEY_UISupportedInterfaceOrientations_iPad = "UIInterfaceOrientationPortrait UIInterfaceOrientationPortraitUpsideDown UIInterfaceOrientationLandscapeLeft UIInterfaceOrientationLandscapeRight";
				INFOPLIST_KEY_UISupportedInterfaceOrientations_iPhone = "UIInterfaceOrientationPortrait UIInterfaceOrientationLandscapeLeft UIInterfaceOrientationLandscapeRight";
				LD_RUNPATH_SEARCH_PATHS = (
					"$(inherited)",
					"@executable_path/Frameworks",
				);
				MARKETING_VERSION = 1.0;
				PRODUCT_BUNDLE_IDENTIFIER = com.happylong.MySwiftToys;
				PRODUCT_NAME = "$(TARGET_NAME)";
				SWIFT_EMIT_LOC_STRINGS = YES;
				SWIFT_VERSION = 5.0;
				TARGETED_DEVICE_FAMILY = "1,2";
			};
			name = Release;
		};
		A2706B3E2935D48C00D8007B /* Debug */ = {
			isa = XCBuildConfiguration;
			baseConfigurationReference = DBB7565492F6CEEB3A598E8C /* Pods-MySwiftToysTests.debug.xcconfig */;
			buildSettings = {
				ALWAYS_EMBED_SWIFT_STANDARD_LIBRARIES = YES;
				BUNDLE_LOADER = "$(TEST_HOST)";
				CODE_SIGN_STYLE = Automatic;
				CURRENT_PROJECT_VERSION = 1;
				DEVELOPMENT_TEAM = 7UA78HHHB8;
				GENERATE_INFOPLIST_FILE = YES;
				IPHONEOS_DEPLOYMENT_TARGET = 16.1;
				MARKETING_VERSION = 1.0;
				PRODUCT_BUNDLE_IDENTIFIER = com.happylong.MySwiftToysTests;
				PRODUCT_NAME = "$(TARGET_NAME)";
				SWIFT_EMIT_LOC_STRINGS = NO;
				SWIFT_VERSION = 5.0;
				TARGETED_DEVICE_FAMILY = "1,2";
				TEST_HOST = "$(BUILT_PRODUCTS_DIR)/MySwiftToys.app/$(BUNDLE_EXECUTABLE_FOLDER_PATH)/MySwiftToys";
			};
			name = Debug;
		};
		A2706B3F2935D48C00D8007B /* Release */ = {
			isa = XCBuildConfiguration;
			baseConfigurationReference = E34BF3EA89C01EDDE6D6CC56 /* Pods-MySwiftToysTests.release.xcconfig */;
			buildSettings = {
				ALWAYS_EMBED_SWIFT_STANDARD_LIBRARIES = YES;
				BUNDLE_LOADER = "$(TEST_HOST)";
				CODE_SIGN_STYLE = Automatic;
				CURRENT_PROJECT_VERSION = 1;
				DEVELOPMENT_TEAM = 7UA78HHHB8;
				GENERATE_INFOPLIST_FILE = YES;
				IPHONEOS_DEPLOYMENT_TARGET = 16.1;
				MARKETING_VERSION = 1.0;
				PRODUCT_BUNDLE_IDENTIFIER = com.happylong.MySwiftToysTests;
				PRODUCT_NAME = "$(TARGET_NAME)";
				SWIFT_EMIT_LOC_STRINGS = NO;
				SWIFT_VERSION = 5.0;
				TARGETED_DEVICE_FAMILY = "1,2";
				TEST_HOST = "$(BUILT_PRODUCTS_DIR)/MySwiftToys.app/$(BUNDLE_EXECUTABLE_FOLDER_PATH)/MySwiftToys";
			};
			name = Release;
		};
		A2706B412935D48C00D8007B /* Debug */ = {
			isa = XCBuildConfiguration;
			baseConfigurationReference = 93BE7078410514EDEBE9642E /* Pods-MySwiftToys-MySwiftToysUITests.debug.xcconfig */;
			buildSettings = {
				ALWAYS_EMBED_SWIFT_STANDARD_LIBRARIES = YES;
				CODE_SIGN_STYLE = Automatic;
				CURRENT_PROJECT_VERSION = 1;
				DEVELOPMENT_TEAM = 7UA78HHHB8;
				GENERATE_INFOPLIST_FILE = YES;
				MARKETING_VERSION = 1.0;
				PRODUCT_BUNDLE_IDENTIFIER = com.happylong.MySwiftToysUITests;
				PRODUCT_NAME = "$(TARGET_NAME)";
				SWIFT_EMIT_LOC_STRINGS = NO;
				SWIFT_VERSION = 5.0;
				TARGETED_DEVICE_FAMILY = "1,2";
				TEST_TARGET_NAME = MySwiftToys;
			};
			name = Debug;
		};
		A2706B422935D48C00D8007B /* Release */ = {
			isa = XCBuildConfiguration;
			baseConfigurationReference = C37F51CC689D4A5621120AE7 /* Pods-MySwiftToys-MySwiftToysUITests.release.xcconfig */;
			buildSettings = {
				ALWAYS_EMBED_SWIFT_STANDARD_LIBRARIES = YES;
				CODE_SIGN_STYLE = Automatic;
				CURRENT_PROJECT_VERSION = 1;
				DEVELOPMENT_TEAM = 7UA78HHHB8;
				GENERATE_INFOPLIST_FILE = YES;
				MARKETING_VERSION = 1.0;
				PRODUCT_BUNDLE_IDENTIFIER = com.happylong.MySwiftToysUITests;
				PRODUCT_NAME = "$(TARGET_NAME)";
				SWIFT_EMIT_LOC_STRINGS = NO;
				SWIFT_VERSION = 5.0;
				TARGETED_DEVICE_FAMILY = "1,2";
				TEST_TARGET_NAME = MySwiftToys;
			};
			name = Release;
		};
/* End XCBuildConfiguration section */

/* Begin XCConfigurationList section */
		A2706B0B2935D48600D8007B /* Build configuration list for PBXProject "MySwiftToys" */ = {
			isa = XCConfigurationList;
			buildConfigurations = (
				A2706B382935D48C00D8007B /* Debug */,
				A2706B392935D48C00D8007B /* Release */,
			);
			defaultConfigurationIsVisible = 0;
			defaultConfigurationName = Release;
		};
		A2706B3A2935D48C00D8007B /* Build configuration list for PBXNativeTarget "MySwiftToys" */ = {
			isa = XCConfigurationList;
			buildConfigurations = (
				A2706B3B2935D48C00D8007B /* Debug */,
				A2706B3C2935D48C00D8007B /* Release */,
			);
			defaultConfigurationIsVisible = 0;
			defaultConfigurationName = Release;
		};
		A2706B3D2935D48C00D8007B /* Build configuration list for PBXNativeTarget "MySwiftToysTests" */ = {
			isa = XCConfigurationList;
			buildConfigurations = (
				A2706B3E2935D48C00D8007B /* Debug */,
				A2706B3F2935D48C00D8007B /* Release */,
			);
			defaultConfigurationIsVisible = 0;
			defaultConfigurationName = Release;
		};
		A2706B402935D48C00D8007B /* Build configuration list for PBXNativeTarget "MySwiftToysUITests" */ = {
			isa = XCConfigurationList;
			buildConfigurations = (
				A2706B412935D48C00D8007B /* Debug */,
				A2706B422935D48C00D8007B /* Release */,
			);
			defaultConfigurationIsVisible = 0;
			defaultConfigurationName = Release;
		};
/* End XCConfigurationList section */
	};
	rootObject = A2706B082935D48600D8007B /* Project object */;
}
